// !$*UTF8*$!
{
	archiveVersion = 1;
	classes = {
	};
	objectVersion = 50;
	objects = {

/* Begin PBXBuildFile section */
		11CAF4EBB3267EB0561C6DA3 /* libPods-SignPic.a in Frameworks */ = {isa = PBXBuildFile; fileRef = AA8A3654540761EEE9F582FE /* libPods-SignPic.a */; };
		B106A33C25703CFF0075AE82 /* AppDelegate.swift in Sources */ = {isa = PBXBuildFile; fileRef = B106A33B25703CFF0075AE82 /* AppDelegate.swift */; };
		B106A33E25703CFF0075AE82 /* SceneDelegate.swift in Sources */ = {isa = PBXBuildFile; fileRef = B106A33D25703CFF0075AE82 /* SceneDelegate.swift */; };
		B106A34025703CFF0075AE82 /* ViewController.swift in Sources */ = {isa = PBXBuildFile; fileRef = B106A33F25703CFF0075AE82 /* ViewController.swift */; };
		B106A34525703D000075AE82 /* Assets.xcassets in Resources */ = {isa = PBXBuildFile; fileRef = B106A34425703D000075AE82 /* Assets.xcassets */; };
		B119CEE225703E9400A75055 /* nothing.png in Resources */ = {isa = PBXBuildFile; fileRef = B119CEDF25703E9300A75055 /* nothing.png */; };
		B119CEE325703E9400A75055 /* labels.txt in Resources */ = {isa = PBXBuildFile; fileRef = B119CEE025703E9400A75055 /* labels.txt */; };
		B119CEE425703E9400A75055 /* model_mob_epoch_3.pt in Resources */ = {isa = PBXBuildFile; fileRef = B119CEE125703E9400A75055 /* model_mob_epoch_3.pt */; };
		B119CEE925703EDB00A75055 /* TorchModule.mm in Sources */ = {isa = PBXBuildFile; fileRef = B119CEE825703EDB00A75055 /* TorchModule.mm */; };
		B119CEEB25703F7300A75055 /* UIImage+Helper.swift in Sources */ = {isa = PBXBuildFile; fileRef = B119CEEA25703F7300A75055 /* UIImage+Helper.swift */; };
		B170405C257C06BB001EC22C /* Main.storyboard in Resources */ = {isa = PBXBuildFile; fileRef = B1704058257C06BB001EC22C /* Main.storyboard */; };
		B170405D257C06BB001EC22C /* LaunchScreen.storyboard in Resources */ = {isa = PBXBuildFile; fileRef = B170405A257C06BB001EC22C /* LaunchScreen.storyboard */; };
/* End PBXBuildFile section */

/* Begin PBXFileReference section */
		AA8A3654540761EEE9F582FE /* libPods-SignPic.a */ = {isa = PBXFileReference; explicitFileType = archive.ar; includeInIndex = 0; path = "libPods-SignPic.a"; sourceTree = BUILT_PRODUCTS_DIR; };
		B106A33825703CFF0075AE82 /* SignPic.app */ = {isa = PBXFileReference; explicitFileType = wrapper.application; includeInIndex = 0; path = SignPic.app; sourceTree = BUILT_PRODUCTS_DIR; };
		B106A33B25703CFF0075AE82 /* AppDelegate.swift */ = {isa = PBXFileReference; lastKnownFileType = sourcecode.swift; path = AppDelegate.swift; sourceTree = "<group>"; };
		B106A33D25703CFF0075AE82 /* SceneDelegate.swift */ = {isa = PBXFileReference; lastKnownFileType = sourcecode.swift; path = SceneDelegate.swift; sourceTree = "<group>"; };
		B106A33F25703CFF0075AE82 /* ViewController.swift */ = {isa = PBXFileReference; lastKnownFileType = sourcecode.swift; path = ViewController.swift; sourceTree = "<group>"; };
		B106A34425703D000075AE82 /* Assets.xcassets */ = {isa = PBXFileReference; lastKnownFileType = folder.assetcatalog; path = Assets.xcassets; sourceTree = "<group>"; };
		B106A34925703D000075AE82 /* Info.plist */ = {isa = PBXFileReference; lastKnownFileType = text.plist.xml; path = Info.plist; sourceTree = "<group>"; };
		B119CEDF25703E9300A75055 /* nothing.png */ = {isa = PBXFileReference; lastKnownFileType = image.png; path = nothing.png; sourceTree = SOURCE_ROOT; };
		B119CEE025703E9400A75055 /* labels.txt */ = {isa = PBXFileReference; fileEncoding = 4; lastKnownFileType = text; path = labels.txt; sourceTree = SOURCE_ROOT; };
		B119CEE125703E9400A75055 /* model_mob_epoch_3.pt */ = {isa = PBXFileReference; lastKnownFileType = file; path = model_mob_epoch_3.pt; sourceTree = SOURCE_ROOT; };
		B119CEE625703EDA00A75055 /* SignPic-Bridging-Header.h */ = {isa = PBXFileReference; lastKnownFileType = sourcecode.c.h; path = "SignPic-Bridging-Header.h"; sourceTree = "<group>"; };
		B119CEE725703EDB00A75055 /* TorchModule.h */ = {isa = PBXFileReference; fileEncoding = 4; lastKnownFileType = sourcecode.c.h; path = TorchModule.h; sourceTree = SOURCE_ROOT; };
		B119CEE825703EDB00A75055 /* TorchModule.mm */ = {isa = PBXFileReference; fileEncoding = 4; lastKnownFileType = sourcecode.cpp.objcpp; path = TorchModule.mm; sourceTree = SOURCE_ROOT; };
		B119CEEA25703F7300A75055 /* UIImage+Helper.swift */ = {isa = PBXFileReference; fileEncoding = 4; lastKnownFileType = sourcecode.swift; path = "UIImage+Helper.swift"; sourceTree = SOURCE_ROOT; };
		B1704059257C06BB001EC22C /* Base */ = {isa = PBXFileReference; lastKnownFileType = file.storyboard; name = Base; path = Base.lproj/Main.storyboard; sourceTree = "<group>"; };
		B170405B257C06BB001EC22C /* Base */ = {isa = PBXFileReference; lastKnownFileType = file.storyboard; name = Base; path = Base.lproj/LaunchScreen.storyboard; sourceTree = "<group>"; };
		EC03BF8F4FDF9330DD8DC431 /* Pods-SignPic.debug.xcconfig */ = {isa = PBXFileReference; includeInIndex = 1; lastKnownFileType = text.xcconfig; name = "Pods-SignPic.debug.xcconfig"; path = "Target Support Files/Pods-SignPic/Pods-SignPic.debug.xcconfig"; sourceTree = "<group>"; };
		F57D4D64A05FE3332D7FE169 /* Pods-SignPic.release.xcconfig */ = {isa = PBXFileReference; includeInIndex = 1; lastKnownFileType = text.xcconfig; name = "Pods-SignPic.release.xcconfig"; path = "Target Support Files/Pods-SignPic/Pods-SignPic.release.xcconfig"; sourceTree = "<group>"; };
/* End PBXFileReference section */

/* Begin PBXFrameworksBuildPhase section */
		B106A33525703CFF0075AE82 /* Frameworks */ = {
			isa = PBXFrameworksBuildPhase;
			buildActionMask = 2147483647;
			files = (
				11CAF4EBB3267EB0561C6DA3 /* libPods-SignPic.a in Frameworks */,
			);
			runOnlyForDeploymentPostprocessing = 0;
		};
/* End PBXFrameworksBuildPhase section */

/* Begin PBXGroup section */
		6D4643D6AC649D992ADA08C5 /* Frameworks */ = {
			isa = PBXGroup;
			children = (
				AA8A3654540761EEE9F582FE /* libPods-SignPic.a */,
			);
			name = Frameworks;
			sourceTree = "<group>";
		};
		B106A32F25703CFF0075AE82 = {
			isa = PBXGroup;
			children = (
				B106A33A25703CFF0075AE82 /* SignPic */,
				B106A33925703CFF0075AE82 /* Products */,
				F267067DD9501D86D9033681 /* Pods */,
				6D4643D6AC649D992ADA08C5 /* Frameworks */,
			);
			sourceTree = "<group>";
		};
		B106A33925703CFF0075AE82 /* Products */ = {
			isa = PBXGroup;
			children = (
				B106A33825703CFF0075AE82 /* SignPic.app */,
			);
			name = Products;
			sourceTree = "<group>";
		};
		B106A33A25703CFF0075AE82 /* SignPic */ = {
			isa = PBXGroup;
			children = (
				B170405A257C06BB001EC22C /* LaunchScreen.storyboard */,
				B1704058257C06BB001EC22C /* Main.storyboard */,
				B119CEEA25703F7300A75055 /* UIImage+Helper.swift */,
				B119CEE525703E9E00A75055 /* TorchBridge */,
				B119CEE025703E9400A75055 /* labels.txt */,
				B119CEE125703E9400A75055 /* model_mob_epoch_3.pt */,
				B119CEDF25703E9300A75055 /* nothing.png */,
				B106A33B25703CFF0075AE82 /* AppDelegate.swift */,
				B106A33D25703CFF0075AE82 /* SceneDelegate.swift */,
				B106A33F25703CFF0075AE82 /* ViewController.swift */,
				B106A34425703D000075AE82 /* Assets.xcassets */,
				B106A34925703D000075AE82 /* Info.plist */,
			);
			path = SignPic;
			sourceTree = "<group>";
		};
		B119CEE525703E9E00A75055 /* TorchBridge */ = {
			isa = PBXGroup;
			children = (
				B119CEE725703EDB00A75055 /* TorchModule.h */,
				B119CEE825703EDB00A75055 /* TorchModule.mm */,
				B119CEE625703EDA00A75055 /* SignPic-Bridging-Header.h */,
			);
			path = TorchBridge;
			sourceTree = "<group>";
		};
		F267067DD9501D86D9033681 /* Pods */ = {
			isa = PBXGroup;
			children = (
				EC03BF8F4FDF9330DD8DC431 /* Pods-SignPic.debug.xcconfig */,
				F57D4D64A05FE3332D7FE169 /* Pods-SignPic.release.xcconfig */,
			);
			path = Pods;
			sourceTree = "<group>";
		};
/* End PBXGroup section */

/* Begin PBXNativeTarget section */
		B106A33725703CFF0075AE82 /* SignPic */ = {
			isa = PBXNativeTarget;
			buildConfigurationList = B106A34C25703D000075AE82 /* Build configuration list for PBXNativeTarget "SignPic" */;
			buildPhases = (
				CC4CD0076B935AFB546CDFB0 /* [CP] Check Pods Manifest.lock */,
				B106A33425703CFF0075AE82 /* Sources */,
				B106A33525703CFF0075AE82 /* Frameworks */,
				B106A33625703CFF0075AE82 /* Resources */,
			);
			buildRules = (
			);
			dependencies = (
			);
			name = SignPic;
			productName = SignPic;
			productReference = B106A33825703CFF0075AE82 /* SignPic.app */;
			productType = "com.apple.product-type.application";
		};
/* End PBXNativeTarget section */

/* Begin PBXProject section */
		B106A33025703CFF0075AE82 /* Project object */ = {
			isa = PBXProject;
			attributes = {
				LastSwiftUpdateCheck = 1170;
				LastUpgradeCheck = 1170;
				ORGANIZATIONNAME = "André Nogueira";
				TargetAttributes = {
					B106A33725703CFF0075AE82 = {
						CreatedOnToolsVersion = 11.7;
						LastSwiftMigration = 1170;
					};
				};
			};
			buildConfigurationList = B106A33325703CFF0075AE82 /* Build configuration list for PBXProject "SignPic" */;
			compatibilityVersion = "Xcode 9.3";
			developmentRegion = en;
			hasScannedForEncodings = 0;
			knownRegions = (
				en,
				Base,
			);
			mainGroup = B106A32F25703CFF0075AE82;
			productRefGroup = B106A33925703CFF0075AE82 /* Products */;
			projectDirPath = "";
			projectRoot = "";
			targets = (
				B106A33725703CFF0075AE82 /* SignPic */,
			);
		};
/* End PBXProject section */

/* Begin PBXResourcesBuildPhase section */
		B106A33625703CFF0075AE82 /* Resources */ = {
			isa = PBXResourcesBuildPhase;
			buildActionMask = 2147483647;
			files = (
				B119CEE425703E9400A75055 /* model_mob_epoch_3.pt in Resources */,
				B170405C257C06BB001EC22C /* Main.storyboard in Resources */,
				B119CEE225703E9400A75055 /* nothing.png in Resources */,
				B170405D257C06BB001EC22C /* LaunchScreen.storyboard in Resources */,
				B119CEE325703E9400A75055 /* labels.txt in Resources */,
				B106A34525703D000075AE82 /* Assets.xcassets in Resources */,
			);
			runOnlyForDeploymentPostprocessing = 0;
		};
/* End PBXResourcesBuildPhase section */

/* Begin PBXShellScriptBuildPhase section */
		CC4CD0076B935AFB546CDFB0 /* [CP] Check Pods Manifest.lock */ = {
			isa = PBXShellScriptBuildPhase;
			buildActionMask = 2147483647;
			files = (
			);
			inputFileListPaths = (
			);
			inputPaths = (
				"${PODS_PODFILE_DIR_PATH}/Podfile.lock",
				"${PODS_ROOT}/Manifest.lock",
			);
			name = "[CP] Check Pods Manifest.lock";
			outputFileListPaths = (
			);
			outputPaths = (
				"$(DERIVED_FILE_DIR)/Pods-SignPic-checkManifestLockResult.txt",
			);
			runOnlyForDeploymentPostprocessing = 0;
			shellPath = /bin/sh;
			shellScript = "diff \"${PODS_PODFILE_DIR_PATH}/Podfile.lock\" \"${PODS_ROOT}/Manifest.lock\" > /dev/null\nif [ $? != 0 ] ; then\n    # print error to STDERR\n    echo \"error: The sandbox is not in sync with the Podfile.lock. Run 'pod install' or update your CocoaPods installation.\" >&2\n    exit 1\nfi\n# This output is used by Xcode 'outputs' to avoid re-running this script phase.\necho \"SUCCESS\" > \"${SCRIPT_OUTPUT_FILE_0}\"\n";
			showEnvVarsInLog = 0;
		};
/* End PBXShellScriptBuildPhase section */

/* Begin PBXSourcesBuildPhase section */
		B106A33425703CFF0075AE82 /* Sources */ = {
			isa = PBXSourcesBuildPhase;
			buildActionMask = 2147483647;
			files = (
				B119CEE925703EDB00A75055 /* TorchModule.mm in Sources */,
				B106A34025703CFF0075AE82 /* ViewController.swift in Sources */,
				B119CEEB25703F7300A75055 /* UIImage+Helper.swift in Sources */,
				B106A33C25703CFF0075AE82 /* AppDelegate.swift in Sources */,
				B106A33E25703CFF0075AE82 /* SceneDelegate.swift in Sources */,
			);
			runOnlyForDeploymentPostprocessing = 0;
		};
/* End PBXSourcesBuildPhase section */

/* Begin PBXVariantGroup section */
		B1704058257C06BB001EC22C /* Main.storyboard */ = {
			isa = PBXVariantGroup;
			children = (
				B1704059257C06BB001EC22C /* Base */,
			);
			name = Main.storyboard;
			sourceTree = "<group>";
		};
		B170405A257C06BB001EC22C /* LaunchScreen.storyboard */ = {
			isa = PBXVariantGroup;
			children = (
				B170405B257C06BB001EC22C /* Base */,
			);
			name = LaunchScreen.storyboard;
			sourceTree = "<group>";
		};
/* End PBXVariantGroup section */

/* Begin XCBuildConfiguration section */
		B106A34A25703D000075AE82 /* Debug */ = {
			isa = XCBuildConfiguration;
			buildSettings = {
				ALWAYS_SEARCH_USER_PATHS = NO;
				CLANG_ANALYZER_NONNULL = YES;
				CLANG_ANALYZER_NUMBER_OBJECT_CONVERSION = YES_AGGRESSIVE;
				CLANG_CXX_LANGUAGE_STANDARD = "gnu++14";
				CLANG_CXX_LIBRARY = "libc++";
				CLANG_ENABLE_MODULES = YES;
				CLANG_ENABLE_OBJC_ARC = YES;
				CLANG_ENABLE_OBJC_WEAK = YES;
				CLANG_WARN_BLOCK_CAPTURE_AUTORELEASING = YES;
				CLANG_WARN_BOOL_CONVERSION = YES;
				CLANG_WARN_COMMA = YES;
				CLANG_WARN_CONSTANT_CONVERSION = YES;
				CLANG_WARN_DEPRECATED_OBJC_IMPLEMENTATIONS = YES;
				CLANG_WARN_DIRECT_OBJC_ISA_USAGE = YES_ERROR;
				CLANG_WARN_DOCUMENTATION_COMMENTS = YES;
				CLANG_WARN_EMPTY_BODY = YES;
				CLANG_WARN_ENUM_CONVERSION = YES;
				CLANG_WARN_INFINITE_RECURSION = YES;
				CLANG_WARN_INT_CONVERSION = YES;
				CLANG_WARN_NON_LITERAL_NULL_CONVERSION = YES;
				CLANG_WARN_OBJC_IMPLICIT_RETAIN_SELF = YES;
				CLANG_WARN_OBJC_LITERAL_CONVERSION = YES;
				CLANG_WARN_OBJC_ROOT_CLASS = YES_ERROR;
				CLANG_WARN_RANGE_LOOP_ANALYSIS = YES;
				CLANG_WARN_STRICT_PROTOTYPES = YES;
				CLANG_WARN_SUSPICIOUS_MOVE = YES;
				CLANG_WARN_UNGUARDED_AVAILABILITY = YES_AGGRESSIVE;
				CLANG_WARN_UNREACHABLE_CODE = YES;
				CLANG_WARN__DUPLICATE_METHOD_MATCH = YES;
				COPY_PHASE_STRIP = NO;
				DEBUG_INFORMATION_FORMAT = dwarf;
				ENABLE_STRICT_OBJC_MSGSEND = YES;
				ENABLE_TESTABILITY = YES;
				GCC_C_LANGUAGE_STANDARD = gnu11;
				GCC_DYNAMIC_NO_PIC = NO;
				GCC_NO_COMMON_BLOCKS = YES;
				GCC_OPTIMIZATION_LEVEL = 0;
				GCC_PREPROCESSOR_DEFINITIONS = (
					"DEBUG=1",
					"$(inherited)",
				);
				GCC_WARN_64_TO_32_BIT_CONVERSION = YES;
				GCC_WARN_ABOUT_RETURN_TYPE = YES_ERROR;
				GCC_WARN_UNDECLARED_SELECTOR = YES;
				GCC_WARN_UNINITIALIZED_AUTOS = YES_AGGRESSIVE;
				GCC_WARN_UNUSED_FUNCTION = YES;
				GCC_WARN_UNUSED_VARIABLE = YES;
				IPHONEOS_DEPLOYMENT_TARGET = 13.7;
				MTL_ENABLE_DEBUG_INFO = INCLUDE_SOURCE;
				MTL_FAST_MATH = YES;
				ONLY_ACTIVE_ARCH = YES;
				SDKROOT = iphoneos;
				SWIFT_ACTIVE_COMPILATION_CONDITIONS = DEBUG;
				SWIFT_OPTIMIZATION_LEVEL = "-Onone";
			};
			name = Debug;
		};
		B106A34B25703D000075AE82 /* Release */ = {
			isa = XCBuildConfiguration;
			buildSettings = {
				ALWAYS_SEARCH_USER_PATHS = NO;
				CLANG_ANALYZER_NONNULL = YES;
				CLANG_ANALYZER_NUMBER_OBJECT_CONVERSION = YES_AGGRESSIVE;
				CLANG_CXX_LANGUAGE_STANDARD = "gnu++14";
				CLANG_CXX_LIBRARY = "libc++";
				CLANG_ENABLE_MODULES = YES;
				CLANG_ENABLE_OBJC_ARC = YES;
				CLANG_ENABLE_OBJC_WEAK = YES;
				CLANG_WARN_BLOCK_CAPTURE_AUTORELEASING = YES;
				CLANG_WARN_BOOL_CONVERSION = YES;
				CLANG_WARN_COMMA = YES;
				CLANG_WARN_CONSTANT_CONVERSION = YES;
				CLANG_WARN_DEPRECATED_OBJC_IMPLEMENTATIONS = YES;
				CLANG_WARN_DIRECT_OBJC_ISA_USAGE = YES_ERROR;
				CLANG_WARN_DOCUMENTATION_COMMENTS = YES;
				CLANG_WARN_EMPTY_BODY = YES;
				CLANG_WARN_ENUM_CONVERSION = YES;
				CLANG_WARN_INFINITE_RECURSION = YES;
				CLANG_WARN_INT_CONVERSION = YES;
				CLANG_WARN_NON_LITERAL_NULL_CONVERSION = YES;
				CLANG_WARN_OBJC_IMPLICIT_RETAIN_SELF = YES;
				CLANG_WARN_OBJC_LITERAL_CONVERSION = YES;
				CLANG_WARN_OBJC_ROOT_CLASS = YES_ERROR;
				CLANG_WARN_RANGE_LOOP_ANALYSIS = YES;
				CLANG_WARN_STRICT_PROTOTYPES = YES;
				CLANG_WARN_SUSPICIOUS_MOVE = YES;
				CLANG_WARN_UNGUARDED_AVAILABILITY = YES_AGGRESSIVE;
				CLANG_WARN_UNREACHABLE_CODE = YES;
				CLANG_WARN__DUPLICATE_METHOD_MATCH = YES;
				COPY_PHASE_STRIP = NO;
				DEBUG_INFORMATION_FORMAT = "dwarf-with-dsym";
				ENABLE_NS_ASSERTIONS = NO;
				ENABLE_STRICT_OBJC_MSGSEND = YES;
				GCC_C_LANGUAGE_STANDARD = gnu11;
				GCC_NO_COMMON_BLOCKS = YES;
				GCC_WARN_64_TO_32_BIT_CONVERSION = YES;
				GCC_WARN_ABOUT_RETURN_TYPE = YES_ERROR;
				GCC_WARN_UNDECLARED_SELECTOR = YES;
				GCC_WARN_UNINITIALIZED_AUTOS = YES_AGGRESSIVE;
				GCC_WARN_UNUSED_FUNCTION = YES;
				GCC_WARN_UNUSED_VARIABLE = YES;
				IPHONEOS_DEPLOYMENT_TARGET = 13.7;
				MTL_ENABLE_DEBUG_INFO = NO;
				MTL_FAST_MATH = YES;
				SDKROOT = iphoneos;
				SWIFT_COMPILATION_MODE = wholemodule;
				SWIFT_OPTIMIZATION_LEVEL = "-O";
				VALIDATE_PRODUCT = YES;
			};
			name = Release;
		};
		B106A34D25703D000075AE82 /* Debug */ = {
			isa = XCBuildConfiguration;
			baseConfigurationReference = EC03BF8F4FDF9330DD8DC431 /* Pods-SignPic.debug.xcconfig */;
			buildSettings = {
				ASSETCATALOG_COMPILER_APPICON_NAME = AppIcon;
				CLANG_ENABLE_MODULES = YES;
				CODE_SIGN_STYLE = Automatic;
				DEVELOPMENT_TEAM = 6EHW6NAVK2;
				INFOPLIST_FILE = SignPic/Info.plist;
				LD_RUNPATH_SEARCH_PATHS = (
					"$(inherited)",
					"@executable_path/Frameworks",
				);
				PRODUCT_BUNDLE_IDENTIFIER = com.andredsnogueira.SignPic;
				PRODUCT_NAME = "$(TARGET_NAME)";
				SWIFT_OBJC_BRIDGING_HEADER = "SignPic/TorchBridge/SignPic-Bridging-Header.h";
				SWIFT_OPTIMIZATION_LEVEL = "-Onone";
				SWIFT_VERSION = 5.0;
				TARGETED_DEVICE_FAMILY = "1,2";
			};
			name = Debug;
		};
		B106A34E25703D000075AE82 /* Release */ = {
			isa = XCBuildConfiguration;
			baseConfigurationReference = F57D4D64A05FE3332D7FE169 /* Pods-SignPic.release.xcconfig */;
			buildSettings = {
				ASSETCATALOG_COMPILER_APPICON_NAME = AppIcon;
				CLANG_ENABLE_MODULES = YES;
				CODE_SIGN_STYLE = Automatic;
				DEVELOPMENT_TEAM = 6EHW6NAVK2;
				INFOPLIST_FILE = SignPic/Info.plist;
				LD_RUNPATH_SEARCH_PATHS = (
					"$(inherited)",
					"@executable_path/Frameworks",
				);
				PRODUCT_BUNDLE_IDENTIFIER = com.andredsnogueira.SignPic;
				PRODUCT_NAME = "$(TARGET_NAME)";
				SWIFT_OBJC_BRIDGING_HEADER = "SignPic/TorchBridge/SignPic-Bridging-Header.h";
				SWIFT_VERSION = 5.0;
				TARGETED_DEVICE_FAMILY = "1,2";
			};
			name = Release;
		};
/* End XCBuildConfiguration section */

/* Begin XCConfigurationList section */
		B106A33325703CFF0075AE82 /* Build configuration list for PBXProject "SignPic" */ = {
			isa = XCConfigurationList;
			buildConfigurations = (
				B106A34A25703D000075AE82 /* Debug */,
				B106A34B25703D000075AE82 /* Release */,
			);
			defaultConfigurationIsVisible = 0;
			defaultConfigurationName = Release;
		};
		B106A34C25703D000075AE82 /* Build configuration list for PBXNativeTarget "SignPic" */ = {
			isa = XCConfigurationList;
			buildConfigurations = (
				B106A34D25703D000075AE82 /* Debug */,
				B106A34E25703D000075AE82 /* Release */,
			);
			defaultConfigurationIsVisible = 0;
			defaultConfigurationName = Release;
		};
/* End XCConfigurationList section */
	};
	rootObject = B106A33025703CFF0075AE82 /* Project object */;
}
